
Microsoft Visual Studio Solution File, Format Version 12.00
# Visual Studio Version 16
VisualStudioVersion = 16.0.29215.179
MinimumVisualStudioVersion = 10.0.40219.1
Project("{8BC9CEB8-8B4A-11D0-8D11-00A0C91BC942}") = "skynet_search_and_rescue", "skynet_search_and_rescue\skynet_search_and_rescue.vcxproj", "{78A00F87-A3F8-4901-8B2A-22AC4BDC239F}"
EndProject
Global
	GlobalSection(SolutionConfigurationPlatforms) = preSolution
		Debug|x64 = Debug|x64
		Debug|x86 = Debug|x86
		Release|x64 = Release|x64
		Release|x86 = Release|x86
	EndGlobalSection
	GlobalSection(ProjectConfigurationPlatforms) = postSolution
		{78A00F87-A3F8-4901-8B2A-22AC4BDC239F}.Debug|x64.ActiveCfg = Debug|x64
		{78A00F87-A3F8-4901-8B2A-22AC4BDC239F}.Debug|x64.Build.0 = Debug|x64
		{78A00F87-A3F8-4901-8B2A-22AC4BDC239F}.Debug|x86.ActiveCfg = Debug|Win32
		{78A00F87-A3F8-4901-8B2A-22AC4BDC239F}.Debug|x86.Build.0 = Debug|Win32
		{78A00F87-A3F8-4901-8B2A-22AC4BDC239F}.Release|x64.ActiveCfg = Release|x64
		{78A00F87-A3F8-4901-8B2A-22AC4BDC239F}.Release|x64.Build.0 = Release|x64
		{78A00F87-A3F8-4901-8B2A-22AC4BDC239F}.Release|x86.ActiveCfg = Release|Win32
		{78A00F87-A3F8-4901-8B2A-22AC4BDC239F}.Release|x86.Build.0 = Release|Win32
	EndGlobalSection
	GlobalSection(SolutionProperties) = preSolution
		HideSolutionNode = FALSE
	EndGlobalSection
	GlobalSection(ExtensibilityGlobals) = postSolution
		SolutionGuid = {3C0D97EA-49F3-4D6F-BD59-85D59F75956C}
	EndGlobalSection
EndGlobal
